
Microsoft Visual Studio Solution File, Format Version 12.00
# Visual Studio Version 17
VisualStudioVersion = 17.10.35027.167
MinimumVisualStudioVersion = 10.0.40219.1
Project("{FAE04EC0-301F-11D3-BF4B-00C04F79EFBC}") = "TestRepoForPrs", "TestRepoForPrs.csproj", "{B79471B8-0919-453F-AF65-1212AEF27FBE}"
EndProject
Global
	GlobalSection(SolutionConfigurationPlatforms) = preSolution
		Debug|Any CPU = Debug|Any CPU
		Release|Any CPU = Release|Any CPU
	EndGlobalSection
	GlobalSection(ProjectConfigurationPlatforms) = postSolution
		{B79471B8-0919-453F-AF65-1212AEF27FBE}.Debug|Any CPU.ActiveCfg = Debug|Any CPU
		{B79471B8-0919-453F-AF65-1212AEF27FBE}.Debug|Any CPU.Build.0 = Debug|Any CPU
		{B79471B8-0919-453F-AF65-1212AEF27FBE}.Release|Any CPU.ActiveCfg = Release|Any CPU
		{B79471B8-0919-453F-AF65-1212AEF27FBE}.Release|Any CPU.Build.0 = Release|Any CPU
	EndGlobalSection
	GlobalSection(SolutionProperties) = preSolution
		HideSolutionNode = FALSE
	EndGlobalSection
	GlobalSection(ExtensibilityGlobals) = postSolution
		SolutionGuid = {5D1F2BD4-E160-41A5-87FB-FEC358B54B4F}
	EndGlobalSection
EndGlobal
